
Microsoft Visual Studio Solution File, Format Version 12.00
# Visual Studio Version 17
VisualStudioVersion = 17.8.34316.72
MinimumVisualStudioVersion = 10.0.40219.1
Project("{FAE04EC0-301F-11D3-BF4B-00C04F79EFBC}") = "DI_Services_Lifetime", "DI_Services_Lifetime.csproj", "{AF84DDD5-C634-4AD8-A39D-C132CD5869D7}"
EndProject
Global
	GlobalSection(SolutionConfigurationPlatforms) = preSolution
		Debug|Any CPU = Debug|Any CPU
		Release|Any CPU = Release|Any CPU
	EndGlobalSection
	GlobalSection(ProjectConfigurationPlatforms) = postSolution
		{AF84DDD5-C634-4AD8-A39D-C132CD5869D7}.Debug|Any CPU.ActiveCfg = Debug|Any CPU
		{AF84DDD5-C634-4AD8-A39D-C132CD5869D7}.Debug|Any CPU.Build.0 = Debug|Any CPU
		{AF84DDD5-C634-4AD8-A39D-C132CD5869D7}.Release|Any CPU.ActiveCfg = Release|Any CPU
		{AF84DDD5-C634-4AD8-A39D-C132CD5869D7}.Release|Any CPU.Build.0 = Release|Any CPU
	EndGlobalSection
	GlobalSection(SolutionProperties) = preSolution
		HideSolutionNode = FALSE
	EndGlobalSection
	GlobalSection(ExtensibilityGlobals) = postSolution
		SolutionGuid = {AD95DA04-3AD6-42A5-8C44-9539377D1289}
	EndGlobalSection
EndGlobal
